
Microsoft Visual Studio Solution File, Format Version 12.00
# Visual Studio Version 16
VisualStudioVersion = 16.0.31129.286
MinimumVisualStudioVersion = 10.0.40219.1
Project("{9A19103F-16F7-4668-BE54-9A1E7A4F7556}") = "Infrastructure", "Infrastructure\Infrastructure.csproj", "{69D4918B-63A5-4307-87E5-9CD81021965D}"
EndProject
Project("{9A19103F-16F7-4668-BE54-9A1E7A4F7556}") = "Infrastructure.Test", "Infrastructure.Test\Infrastructure.Test.csproj", "{A4B4A128-AFA7-47C4-A63E-51412850F2B9}"
EndProject
Project("{9A19103F-16F7-4668-BE54-9A1E7A4F7556}") = "UserActivities", "UserActivities\UserActivities.csproj", "{174B0063-7834-493A-A967-882143146D63}"
EndProject
Global
	GlobalSection(SolutionConfigurationPlatforms) = preSolution
		Debug|Any CPU = Debug|Any CPU
		Release|Any CPU = Release|Any CPU
	EndGlobalSection
	GlobalSection(ProjectConfigurationPlatforms) = postSolution
		{69D4918B-63A5-4307-87E5-9CD81021965D}.Debug|Any CPU.ActiveCfg = Debug|Any CPU
		{69D4918B-63A5-4307-87E5-9CD81021965D}.Debug|Any CPU.Build.0 = Debug|Any CPU
		{69D4918B-63A5-4307-87E5-9CD81021965D}.Release|Any CPU.ActiveCfg = Release|Any CPU
		{69D4918B-63A5-4307-87E5-9CD81021965D}.Release|Any CPU.Build.0 = Release|Any CPU
		{A4B4A128-AFA7-47C4-A63E-51412850F2B9}.Debug|Any CPU.ActiveCfg = Debug|Any CPU
		{A4B4A128-AFA7-47C4-A63E-51412850F2B9}.Debug|Any CPU.Build.0 = Debug|Any CPU
		{A4B4A128-AFA7-47C4-A63E-51412850F2B9}.Release|Any CPU.ActiveCfg = Release|Any CPU
		{A4B4A128-AFA7-47C4-A63E-51412850F2B9}.Release|Any CPU.Build.0 = Release|Any CPU
		{174B0063-7834-493A-A967-882143146D63}.Debug|Any CPU.ActiveCfg = Debug|Any CPU
		{174B0063-7834-493A-A967-882143146D63}.Debug|Any CPU.Build.0 = Debug|Any CPU
		{174B0063-7834-493A-A967-882143146D63}.Release|Any CPU.ActiveCfg = Release|Any CPU
		{174B0063-7834-493A-A967-882143146D63}.Release|Any CPU.Build.0 = Release|Any CPU
	EndGlobalSection
	GlobalSection(SolutionProperties) = preSolution
		HideSolutionNode = FALSE
	EndGlobalSection
	GlobalSection(ExtensibilityGlobals) = postSolution
		SolutionGuid = {B0FD6948-EEC8-4FA5-BD7E-9B81EFDF3541}
	EndGlobalSection
EndGlobal
